
Microsoft Visual Studio Solution File, Format Version 12.00
# Visual Studio Version 17
VisualStudioVersion = 17.6.33723.286
MinimumVisualStudioVersion = 10.0.40219.1
Project("{888888A0-9F3D-457C-B088-3A5042F75D52}") = "CallManipulate", "CallManipulate\CallManipulate.pyproj", "{DA793B0D-6EF5-4C55-B4E2-F688915A3816}"
EndProject
Global
	GlobalSection(SolutionConfigurationPlatforms) = preSolution
		Debug|Any CPU = Debug|Any CPU
		Release|Any CPU = Release|Any CPU
	EndGlobalSection
	GlobalSection(ProjectConfigurationPlatforms) = postSolution
		{DA793B0D-6EF5-4C55-B4E2-F688915A3816}.Debug|Any CPU.ActiveCfg = Debug|Any CPU
		{DA793B0D-6EF5-4C55-B4E2-F688915A3816}.Release|Any CPU.ActiveCfg = Release|Any CPU
	EndGlobalSection
	GlobalSection(SolutionProperties) = preSolution
		HideSolutionNode = FALSE
	EndGlobalSection
	GlobalSection(ExtensibilityGlobals) = postSolution
		SolutionGuid = {0867A9DE-313A-4236-8AD5-C7EAAAB6FDCA}
	EndGlobalSection
EndGlobal
